
Microsoft Visual Studio Solution File, Format Version 12.00
# Visual Studio Version 17
VisualStudioVersion = 17.14.36301.6 d17.14
MinimumVisualStudioVersion = 10.0.40219.1
Project("{FAE04EC0-301F-11D3-BF4B-00C04F79EFBC}") = "LifeSureProject", "LifeSureProject\LifeSureProject.csproj", "{8B2935AE-E728-4819-8E31-DBD45B87C693}"
EndProject
Global
	GlobalSection(SolutionConfigurationPlatforms) = preSolution
		Debug|Any CPU = Debug|Any CPU
		Release|Any CPU = Release|Any CPU
	EndGlobalSection
	GlobalSection(ProjectConfigurationPlatforms) = postSolution
		{8B2935AE-E728-4819-8E31-DBD45B87C693}.Debug|Any CPU.ActiveCfg = Debug|Any CPU
		{8B2935AE-E728-4819-8E31-DBD45B87C693}.Debug|Any CPU.Build.0 = Debug|Any CPU
		{8B2935AE-E728-4819-8E31-DBD45B87C693}.Release|Any CPU.ActiveCfg = Release|Any CPU
		{8B2935AE-E728-4819-8E31-DBD45B87C693}.Release|Any CPU.Build.0 = Release|Any CPU
	EndGlobalSection
	GlobalSection(SolutionProperties) = preSolution
		HideSolutionNode = FALSE
	EndGlobalSection
	GlobalSection(ExtensibilityGlobals) = postSolution
		SolutionGuid = {311C08CD-941C-4F72-94F1-1785F59641C2}
	EndGlobalSection
EndGlobal
